
Microsoft Visual Studio Solution File, Format Version 12.00
# Visual Studio Version 16
VisualStudioVersion = 16.0.30907.101
MinimumVisualStudioVersion = 10.0.40219.1
Project("{8BC9CEB8-8B4A-11D0-8D11-00A0C91BC942}") = "Sandbox", "Sandbox\Sandbox.vcxproj", "{7AF9FF14-3981-468F-B0F6-08682CEEC3A4}"
EndProject
Project("{8BC9CEB8-8B4A-11D0-8D11-00A0C91BC942}") = "FenrirEngine", "FenrirEngine\FenrirEngine.vcxproj", "{AF1C53E3-B245-459E-8FC9-9819DEF95464}"
EndProject
Global
	GlobalSection(SolutionConfigurationPlatforms) = preSolution
		Debug|x64 = Debug|x64
		Release|x64 = Release|x64
	EndGlobalSection
	GlobalSection(ProjectConfigurationPlatforms) = postSolution
		{AF1C53E3-B245-459E-8FC9-9819DEF95464}.Debug|x64.ActiveCfg = Debug|x64
		{AF1C53E3-B245-459E-8FC9-9819DEF95464}.Debug|x64.Build.0 = Debug|x64
		{AF1C53E3-B245-459E-8FC9-9819DEF95464}.Release|x64.ActiveCfg = Release|x64
		{AF1C53E3-B245-459E-8FC9-9819DEF95464}.Release|x64.Build.0 = Release|x64
		{7AF9FF14-3981-468F-B0F6-08682CEEC3A4}.Debug|x64.ActiveCfg = Debug|x64
		{7AF9FF14-3981-468F-B0F6-08682CEEC3A4}.Debug|x64.Build.0 = Debug|x64
		{7AF9FF14-3981-468F-B0F6-08682CEEC3A4}.Release|x64.ActiveCfg = Release|x64
		{7AF9FF14-3981-468F-B0F6-08682CEEC3A4}.Release|x64.Build.0 = Release|x64
	EndGlobalSection
	GlobalSection(SolutionProperties) = preSolution
		HideSolutionNode = FALSE
	EndGlobalSection
	GlobalSection(ExtensibilityGlobals) = postSolution
		SolutionGuid = {B1CFD884-EC4A-4BB4-A433-7EA363C24E77}
	EndGlobalSection
EndGlobal
