
Microsoft Visual Studio Solution File, Format Version 12.00
# Visual Studio Version 17
VisualStudioVersion = 17.8.34309.116
MinimumVisualStudioVersion = 10.0.40219.1
Project("{FAE04EC0-301F-11D3-BF4B-00C04F79EFBC}") = "Fenrir.Managed", "Fenrir.Managed.csproj", "{D981EB52-F781-4BB3-8547-62A989080AA9}"
EndProject
Global
	GlobalSection(SolutionConfigurationPlatforms) = preSolution
		Debug|Any CPU = Debug|Any CPU
		Release|Any CPU = Release|Any CPU
	EndGlobalSection
	GlobalSection(ProjectConfigurationPlatforms) = postSolution
		{D981EB52-F781-4BB3-8547-62A989080AA9}.Debug|Any CPU.ActiveCfg = Debug|Any CPU
		{D981EB52-F781-4BB3-8547-62A989080AA9}.Debug|Any CPU.Build.0 = Debug|Any CPU
		{D981EB52-F781-4BB3-8547-62A989080AA9}.Release|Any CPU.ActiveCfg = Release|Any CPU
		{D981EB52-F781-4BB3-8547-62A989080AA9}.Release|Any CPU.Build.0 = Release|Any CPU
	EndGlobalSection
	GlobalSection(SolutionProperties) = preSolution
		HideSolutionNode = FALSE
	EndGlobalSection
	GlobalSection(ExtensibilityGlobals) = postSolution
		SolutionGuid = {D07EFC00-E07A-43E3-8302-3BAF25665961}
	EndGlobalSection
EndGlobal
