<?xml version="1.0" encoding="utf-8"?>
<Project ToolsVersion="4.0" xmlns="http://schemas.microsoft.com/developer/msbuild/2003">
  <ItemGroup>
    <Filter Include="Fenrir">
      <UniqueIdentifier>{4B108AB2-37B2-B488-206D-C8DC0CAE3BD9}</UniqueIdentifier>
    </Filter>
    <Filter Include="Fenrir\Events">
      <UniqueIdentifier>{CF195753-3BDA-D289-0415-1C0770941766}</UniqueIdentifier>
    </Filter>
    <Filter Include="Fenrir\Platform">
      <UniqueIdentifier>{FFD0A2A1-6B5C-1066-746D-935AE0776C66}</UniqueIdentifier>
    </Filter>
    <Filter Include="Fenrir\Platform\Windows">
      <UniqueIdentifier>{390A75CD-A541-BD64-AE4B-21881A02E45D}</UniqueIdentifier>
    </Filter>
  </ItemGroup>
  <ItemGroup>
    <ClInclude Include="src\Fenrir.h" />
    <ClInclude Include="src\Fenrir\Application.hpp">
      <Filter>Fenrir</Filter>
    </ClInclude>
    <ClInclude Include="src\Fenrir\Core.hpp">
      <Filter>Fenrir</Filter>
    </ClInclude>
    <ClInclude Include="src\Fenrir\EntryPoint.hpp">
      <Filter>Fenrir</Filter>
    </ClInclude>
    <ClInclude Include="src\Fenrir\Events\ApplicationEvent.hpp">
      <Filter>Fenrir\Events</Filter>
    </ClInclude>
    <ClInclude Include="src\Fenrir\Events\Event.hpp">
      <Filter>Fenrir\Events</Filter>
    </ClInclude>
    <ClInclude Include="src\Fenrir\Events\KeyEvent.hpp">
      <Filter>Fenrir\Events</Filter>
    </ClInclude>
    <ClInclude Include="src\Fenrir\Events\MouseEvent.hpp">
      <Filter>Fenrir\Events</Filter>
    </ClInclude>
    <ClInclude Include="src\Fenrir\Layer.hpp">
      <Filter>Fenrir</Filter>
    </ClInclude>
    <ClInclude Include="src\Fenrir\LayerStack.hpp">
      <Filter>Fenrir</Filter>
    </ClInclude>
    <ClInclude Include="src\Fenrir\Log.hpp">
      <Filter>Fenrir</Filter>
    </ClInclude>
    <ClInclude Include="src\Fenrir\Platform\Windows\WindowsWindow.hpp">
      <Filter>Fenrir\Platform\Windows</Filter>
    </ClInclude>
    <ClInclude Include="src\Fenrir\Window.hpp">
      <Filter>Fenrir</Filter>
    </ClInclude>
    <ClInclude Include="src\pch.h" />
  </ItemGroup>
  <ItemGroup>
    <ClCompile Include="src\Fenrir\Application.cpp">
      <Filter>Fenrir</Filter>
    </ClCompile>
    <ClCompile Include="src\Fenrir\Layer.cpp">
      <Filter>Fenrir</Filter>
    </ClCompile>
    <ClCompile Include="src\Fenrir\LayerStack.cpp">
      <Filter>Fenrir</Filter>
    </ClCompile>
    <ClCompile Include="src\Fenrir\Log.cpp">
      <Filter>Fenrir</Filter>
    </ClCompile>
    <ClCompile Include="src\Fenrir\Platform\Windows\WindowsWindow.cpp">
      <Filter>Fenrir\Platform\Windows</Filter>
    </ClCompile>
    <ClCompile Include="src\pch.cpp" />
  </ItemGroup>
</Project>